
Microsoft Visual Studio Solution File, Format Version 12.00
# Visual Studio Version 17
VisualStudioVersion = 17.4.33213.308
MinimumVisualStudioVersion = 10.0.40219.1
Project("{FAE04EC0-301F-11D3-BF4B-00C04F79EFBC}") = "CoursesRegister", "CoursesRegister.csproj", "{97A38373-2CC0-402C-AED2-33EEA7CB1A2D}"
EndProject
Global
	GlobalSection(SolutionConfigurationPlatforms) = preSolution
		Debug|Any CPU = Debug|Any CPU
		Release|Any CPU = Release|Any CPU
	EndGlobalSection
	GlobalSection(ProjectConfigurationPlatforms) = postSolution
		{97A38373-2CC0-402C-AED2-33EEA7CB1A2D}.Debug|Any CPU.ActiveCfg = Debug|Any CPU
		{97A38373-2CC0-402C-AED2-33EEA7CB1A2D}.Debug|Any CPU.Build.0 = Debug|Any CPU
		{97A38373-2CC0-402C-AED2-33EEA7CB1A2D}.Release|Any CPU.ActiveCfg = Release|Any CPU
		{97A38373-2CC0-402C-AED2-33EEA7CB1A2D}.Release|Any CPU.Build.0 = Release|Any CPU
	EndGlobalSection
	GlobalSection(SolutionProperties) = preSolution
		HideSolutionNode = FALSE
	EndGlobalSection
	GlobalSection(ExtensibilityGlobals) = postSolution
		SolutionGuid = {181672D0-1393-4321-904F-3FD6FDEA61B4}
	EndGlobalSection
EndGlobal
